// !$*UTF8*$!
{
	archiveVersion = 1;
	classes = {
	};
	objectVersion = 50;
	objects = {

/* Begin PBXBuildFile section */
		0294E083233ADD8800A5308C /* LoginAnswer.swift in Sources */ = {isa = PBXBuildFile; fileRef = 0294E082233ADD8800A5308C /* LoginAnswer.swift */; };
		0294E085233ADE6500A5308C /* Admin.storyboard in Resources */ = {isa = PBXBuildFile; fileRef = 0294E084233ADE6500A5308C /* Admin.storyboard */; };
		0294E087233ADE7000A5308C /* Professor.storyboard in Resources */ = {isa = PBXBuildFile; fileRef = 0294E086233ADE7000A5308C /* Professor.storyboard */; };
		0294E089233ADE7C00A5308C /* Aluno.storyboard in Resources */ = {isa = PBXBuildFile; fileRef = 0294E088233ADE7C00A5308C /* Aluno.storyboard */; };
		0294E08A233AEE4400A5308C /* LoginAnswer.swift in Sources */ = {isa = PBXBuildFile; fileRef = 0294E082233ADD8800A5308C /* LoginAnswer.swift */; };
		0294E08B233AEE4500A5308C /* LoginAnswer.swift in Sources */ = {isa = PBXBuildFile; fileRef = 0294E082233ADD8800A5308C /* LoginAnswer.swift */; };
		0294E08E233AF28E00A5308C /* EntityShowerTableViewController.swift in Sources */ = {isa = PBXBuildFile; fileRef = 0294E08D233AF28E00A5308C /* EntityShowerTableViewController.swift */; };
		0294E090233AF65C00A5308C /* EntitySelectionTableViewController.swift in Sources */ = {isa = PBXBuildFile; fileRef = 0294E08F233AF65C00A5308C /* EntitySelectionTableViewController.swift */; };
		0294E092233AF89400A5308C /* DisplayableProtocol.swift in Sources */ = {isa = PBXBuildFile; fileRef = 0294E091233AF89400A5308C /* DisplayableProtocol.swift */; };
		0294E093233AF89B00A5308C /* DisplayableProtocol.swift in Sources */ = {isa = PBXBuildFile; fileRef = 0294E091233AF89400A5308C /* DisplayableProtocol.swift */; };
		0294E094233AF89B00A5308C /* DisplayableProtocol.swift in Sources */ = {isa = PBXBuildFile; fileRef = 0294E091233AF89400A5308C /* DisplayableProtocol.swift */; };
		02C3152E233AD1080058054D /* AppDelegate.swift in Sources */ = {isa = PBXBuildFile; fileRef = 02C3152D233AD1080058054D /* AppDelegate.swift */; };
		02C31530233AD1080058054D /* SceneDelegate.swift in Sources */ = {isa = PBXBuildFile; fileRef = 02C3152F233AD1080058054D /* SceneDelegate.swift */; };
		02C31532233AD1080058054D /* LoginController.swift in Sources */ = {isa = PBXBuildFile; fileRef = 02C31531233AD1080058054D /* LoginController.swift */; };
		02C31535233AD1080058054D /* Main.storyboard in Resources */ = {isa = PBXBuildFile; fileRef = 02C31533233AD1080058054D /* Main.storyboard */; };
		02C31537233AD10B0058054D /* Assets.xcassets in Resources */ = {isa = PBXBuildFile; fileRef = 02C31536233AD10B0058054D /* Assets.xcassets */; };
		02C3153A233AD10B0058054D /* LaunchScreen.storyboard in Resources */ = {isa = PBXBuildFile; fileRef = 02C31538233AD10B0058054D /* LaunchScreen.storyboard */; };
		02C31545233AD10B0058054D /* CGIATests.swift in Sources */ = {isa = PBXBuildFile; fileRef = 02C31544233AD10B0058054D /* CGIATests.swift */; };
		02C31550233AD10B0058054D /* CGIAUITests.swift in Sources */ = {isa = PBXBuildFile; fileRef = 02C3154F233AD10B0058054D /* CGIAUITests.swift */; };
		02C31561233AD2C40058054D /* ServerManager.swift in Sources */ = {isa = PBXBuildFile; fileRef = 02C31560233AD2C40058054D /* ServerManager.swift */; };
		02C31562233AD2C40058054D /* ServerManager.swift in Sources */ = {isa = PBXBuildFile; fileRef = 02C31560233AD2C40058054D /* ServerManager.swift */; };
		02C31563233AD2C40058054D /* ServerManager.swift in Sources */ = {isa = PBXBuildFile; fileRef = 02C31560233AD2C40058054D /* ServerManager.swift */; };
		02C31566233AD4A60058054D /* Instituicao.swift in Sources */ = {isa = PBXBuildFile; fileRef = 02C31565233AD4A60058054D /* Instituicao.swift */; };
		02C31567233AD4A60058054D /* Instituicao.swift in Sources */ = {isa = PBXBuildFile; fileRef = 02C31565233AD4A60058054D /* Instituicao.swift */; };
		02C31568233AD4A60058054D /* Instituicao.swift in Sources */ = {isa = PBXBuildFile; fileRef = 02C31565233AD4A60058054D /* Instituicao.swift */; };
		02C3156A233AD4E80058054D /* Admin.swift in Sources */ = {isa = PBXBuildFile; fileRef = 02C31569233AD4E80058054D /* Admin.swift */; };
		02C3156B233AD4E80058054D /* Admin.swift in Sources */ = {isa = PBXBuildFile; fileRef = 02C31569233AD4E80058054D /* Admin.swift */; };
		02C3156C233AD4E80058054D /* Admin.swift in Sources */ = {isa = PBXBuildFile; fileRef = 02C31569233AD4E80058054D /* Admin.swift */; };
		02C3156E233AD4F90058054D /* Usuario.swift in Sources */ = {isa = PBXBuildFile; fileRef = 02C3156D233AD4F90058054D /* Usuario.swift */; };
		02C3156F233AD4F90058054D /* Usuario.swift in Sources */ = {isa = PBXBuildFile; fileRef = 02C3156D233AD4F90058054D /* Usuario.swift */; };
		02C31570233AD4F90058054D /* Usuario.swift in Sources */ = {isa = PBXBuildFile; fileRef = 02C3156D233AD4F90058054D /* Usuario.swift */; };
		02C31572233AD53C0058054D /* Aluno.swift in Sources */ = {isa = PBXBuildFile; fileRef = 02C31571233AD53C0058054D /* Aluno.swift */; };
		02C31573233AD53C0058054D /* Aluno.swift in Sources */ = {isa = PBXBuildFile; fileRef = 02C31571233AD53C0058054D /* Aluno.swift */; };
		02C31574233AD53C0058054D /* Aluno.swift in Sources */ = {isa = PBXBuildFile; fileRef = 02C31571233AD53C0058054D /* Aluno.swift */; };
		02C31576233AD56F0058054D /* Professor.swift in Sources */ = {isa = PBXBuildFile; fileRef = 02C31575233AD56F0058054D /* Professor.swift */; };
		02C31577233AD56F0058054D /* Professor.swift in Sources */ = {isa = PBXBuildFile; fileRef = 02C31575233AD56F0058054D /* Professor.swift */; };
		02C31578233AD56F0058054D /* Professor.swift in Sources */ = {isa = PBXBuildFile; fileRef = 02C31575233AD56F0058054D /* Professor.swift */; };
		02C3157A233AD5CB0058054D /* Disciplina.swift in Sources */ = {isa = PBXBuildFile; fileRef = 02C31579233AD5CB0058054D /* Disciplina.swift */; };
		02C3157B233AD5CB0058054D /* Disciplina.swift in Sources */ = {isa = PBXBuildFile; fileRef = 02C31579233AD5CB0058054D /* Disciplina.swift */; };
		02C3157C233AD5CB0058054D /* Disciplina.swift in Sources */ = {isa = PBXBuildFile; fileRef = 02C31579233AD5CB0058054D /* Disciplina.swift */; };
		02C3157F233AD5FE0058054D /* Turma.swift in Sources */ = {isa = PBXBuildFile; fileRef = 02C3157E233AD5FE0058054D /* Turma.swift */; };
		02C31580233AD5FE0058054D /* Turma.swift in Sources */ = {isa = PBXBuildFile; fileRef = 02C3157E233AD5FE0058054D /* Turma.swift */; };
		02C31581233AD5FE0058054D /* Turma.swift in Sources */ = {isa = PBXBuildFile; fileRef = 02C3157E233AD5FE0058054D /* Turma.swift */; };
		02C31583233AD6060058054D /* Nota.swift in Sources */ = {isa = PBXBuildFile; fileRef = 02C31582233AD6060058054D /* Nota.swift */; };
		02C31584233AD6060058054D /* Nota.swift in Sources */ = {isa = PBXBuildFile; fileRef = 02C31582233AD6060058054D /* Nota.swift */; };
		02C31585233AD6060058054D /* Nota.swift in Sources */ = {isa = PBXBuildFile; fileRef = 02C31582233AD6060058054D /* Nota.swift */; };
		02C31587233AD9130058054D /* PeriodoEnum.swift in Sources */ = {isa = PBXBuildFile; fileRef = 02C31586233AD9130058054D /* PeriodoEnum.swift */; };
		02C31588233AD9130058054D /* PeriodoEnum.swift in Sources */ = {isa = PBXBuildFile; fileRef = 02C31586233AD9130058054D /* PeriodoEnum.swift */; };
		02C31589233AD9130058054D /* PeriodoEnum.swift in Sources */ = {isa = PBXBuildFile; fileRef = 02C31586233AD9130058054D /* PeriodoEnum.swift */; };
/* End PBXBuildFile section */

/* Begin PBXContainerItemProxy section */
		02C31541233AD10B0058054D /* PBXContainerItemProxy */ = {
			isa = PBXContainerItemProxy;
			containerPortal = 02C31522233AD1080058054D /* Project object */;
			proxyType = 1;
			remoteGlobalIDString = 02C31529233AD1080058054D;
			remoteInfo = CGIA;
		};
		02C3154C233AD10B0058054D /* PBXContainerItemProxy */ = {
			isa = PBXContainerItemProxy;
			containerPortal = 02C31522233AD1080058054D /* Project object */;
			proxyType = 1;
			remoteGlobalIDString = 02C31529233AD1080058054D;
			remoteInfo = CGIA;
		};
/* End PBXContainerItemProxy section */

/* Begin PBXFileReference section */
		0294E082233ADD8800A5308C /* LoginAnswer.swift */ = {isa = PBXFileReference; lastKnownFileType = sourcecode.swift; path = LoginAnswer.swift; sourceTree = "<group>"; };
		0294E084233ADE6500A5308C /* Admin.storyboard */ = {isa = PBXFileReference; lastKnownFileType = file.storyboard; path = Admin.storyboard; sourceTree = "<group>"; };
		0294E086233ADE7000A5308C /* Professor.storyboard */ = {isa = PBXFileReference; lastKnownFileType = file.storyboard; path = Professor.storyboard; sourceTree = "<group>"; };
		0294E088233ADE7C00A5308C /* Aluno.storyboard */ = {isa = PBXFileReference; lastKnownFileType = file.storyboard; path = Aluno.storyboard; sourceTree = "<group>"; };
		0294E08D233AF28E00A5308C /* EntityShowerTableViewController.swift */ = {isa = PBXFileReference; lastKnownFileType = sourcecode.swift; path = EntityShowerTableViewController.swift; sourceTree = "<group>"; };
		0294E08F233AF65C00A5308C /* EntitySelectionTableViewController.swift */ = {isa = PBXFileReference; lastKnownFileType = sourcecode.swift; path = EntitySelectionTableViewController.swift; sourceTree = "<group>"; };
		0294E091233AF89400A5308C /* DisplayableProtocol.swift */ = {isa = PBXFileReference; lastKnownFileType = sourcecode.swift; path = DisplayableProtocol.swift; sourceTree = "<group>"; };
		02C3152A233AD1080058054D /* CGIA.app */ = {isa = PBXFileReference; explicitFileType = wrapper.application; includeInIndex = 0; path = CGIA.app; sourceTree = BUILT_PRODUCTS_DIR; };
		02C3152D233AD1080058054D /* AppDelegate.swift */ = {isa = PBXFileReference; lastKnownFileType = sourcecode.swift; path = AppDelegate.swift; sourceTree = "<group>"; };
		02C3152F233AD1080058054D /* SceneDelegate.swift */ = {isa = PBXFileReference; lastKnownFileType = sourcecode.swift; path = SceneDelegate.swift; sourceTree = "<group>"; };
		02C31531233AD1080058054D /* LoginController.swift */ = {isa = PBXFileReference; lastKnownFileType = sourcecode.swift; path = LoginController.swift; sourceTree = "<group>"; };
		02C31534233AD1080058054D /* Base */ = {isa = PBXFileReference; lastKnownFileType = file.storyboard; name = Base; path = Base.lproj/Main.storyboard; sourceTree = "<group>"; };
		02C31536233AD10B0058054D /* Assets.xcassets */ = {isa = PBXFileReference; lastKnownFileType = folder.assetcatalog; path = Assets.xcassets; sourceTree = "<group>"; };
		02C31539233AD10B0058054D /* Base */ = {isa = PBXFileReference; lastKnownFileType = file.storyboard; name = Base; path = Base.lproj/LaunchScreen.storyboard; sourceTree = "<group>"; };
		02C3153B233AD10B0058054D /* Info.plist */ = {isa = PBXFileReference; lastKnownFileType = text.plist.xml; path = Info.plist; sourceTree = "<group>"; };
		02C31540233AD10B0058054D /* CGIATests.xctest */ = {isa = PBXFileReference; explicitFileType = wrapper.cfbundle; includeInIndex = 0; path = CGIATests.xctest; sourceTree = BUILT_PRODUCTS_DIR; };
		02C31544233AD10B0058054D /* CGIATests.swift */ = {isa = PBXFileReference; lastKnownFileType = sourcecode.swift; path = CGIATests.swift; sourceTree = "<group>"; };
		02C31546233AD10B0058054D /* Info.plist */ = {isa = PBXFileReference; lastKnownFileType = text.plist.xml; path = Info.plist; sourceTree = "<group>"; };
		02C3154B233AD10B0058054D /* CGIAUITests.xctest */ = {isa = PBXFileReference; explicitFileType = wrapper.cfbundle; includeInIndex = 0; path = CGIAUITests.xctest; sourceTree = BUILT_PRODUCTS_DIR; };
		02C3154F233AD10B0058054D /* CGIAUITests.swift */ = {isa = PBXFileReference; lastKnownFileType = sourcecode.swift; path = CGIAUITests.swift; sourceTree = "<group>"; };
		02C31551233AD10B0058054D /* Info.plist */ = {isa = PBXFileReference; lastKnownFileType = text.plist.xml; path = Info.plist; sourceTree = "<group>"; };
		02C31560233AD2C40058054D /* ServerManager.swift */ = {isa = PBXFileReference; lastKnownFileType = sourcecode.swift; path = ServerManager.swift; sourceTree = "<group>"; };
		02C31565233AD4A60058054D /* Instituicao.swift */ = {isa = PBXFileReference; lastKnownFileType = sourcecode.swift; path = Instituicao.swift; sourceTree = "<group>"; };
		02C31569233AD4E80058054D /* Admin.swift */ = {isa = PBXFileReference; lastKnownFileType = sourcecode.swift; path = Admin.swift; sourceTree = "<group>"; };
		02C3156D233AD4F90058054D /* Usuario.swift */ = {isa = PBXFileReference; lastKnownFileType = sourcecode.swift; path = Usuario.swift; sourceTree = "<group>"; };
		02C31571233AD53C0058054D /* Aluno.swift */ = {isa = PBXFileReference; lastKnownFileType = sourcecode.swift; path = Aluno.swift; sourceTree = "<group>"; };
		02C31575233AD56F0058054D /* Professor.swift */ = {isa = PBXFileReference; lastKnownFileType = sourcecode.swift; path = Professor.swift; sourceTree = "<group>"; };
		02C31579233AD5CB0058054D /* Disciplina.swift */ = {isa = PBXFileReference; lastKnownFileType = sourcecode.swift; path = Disciplina.swift; sourceTree = "<group>"; };
		02C3157E233AD5FE0058054D /* Turma.swift */ = {isa = PBXFileReference; lastKnownFileType = sourcecode.swift; path = Turma.swift; sourceTree = "<group>"; };
		02C31582233AD6060058054D /* Nota.swift */ = {isa = PBXFileReference; lastKnownFileType = sourcecode.swift; path = Nota.swift; sourceTree = "<group>"; };
		02C31586233AD9130058054D /* PeriodoEnum.swift */ = {isa = PBXFileReference; lastKnownFileType = sourcecode.swift; path = PeriodoEnum.swift; sourceTree = "<group>"; };
/* End PBXFileReference section */

/* Begin PBXFrameworksBuildPhase section */
		02C31527233AD1080058054D /* Frameworks */ = {
			isa = PBXFrameworksBuildPhase;
			buildActionMask = 2147483647;
			files = (
			);
			runOnlyForDeploymentPostprocessing = 0;
		};
		02C3153D233AD10B0058054D /* Frameworks */ = {
			isa = PBXFrameworksBuildPhase;
			buildActionMask = 2147483647;
			files = (
			);
			runOnlyForDeploymentPostprocessing = 0;
		};
		02C31548233AD10B0058054D /* Frameworks */ = {
			isa = PBXFrameworksBuildPhase;
			buildActionMask = 2147483647;
			files = (
			);
			runOnlyForDeploymentPostprocessing = 0;
		};
/* End PBXFrameworksBuildPhase section */

/* Begin PBXGroup section */
		0294E08C233AF26C00A5308C /* Admin */ = {
			isa = PBXGroup;
			children = (
				0294E08D233AF28E00A5308C /* EntityShowerTableViewController.swift */,
				0294E08F233AF65C00A5308C /* EntitySelectionTableViewController.swift */,
			);
			path = Admin;
			sourceTree = "<group>";
		};
		02C31521233AD1080058054D = {
			isa = PBXGroup;
			children = (
				02C3152C233AD1080058054D /* CGIA */,
				02C31543233AD10B0058054D /* CGIATests */,
				02C3154E233AD10B0058054D /* CGIAUITests */,
				02C3152B233AD1080058054D /* Products */,
			);
			sourceTree = "<group>";
		};
		02C3152B233AD1080058054D /* Products */ = {
			isa = PBXGroup;
			children = (
				02C3152A233AD1080058054D /* CGIA.app */,
				02C31540233AD10B0058054D /* CGIATests.xctest */,
				02C3154B233AD10B0058054D /* CGIAUITests.xctest */,
			);
			name = Products;
			sourceTree = "<group>";
		};
		02C3152C233AD1080058054D /* CGIA */ = {
			isa = PBXGroup;
			children = (
				02C3155F233AD2240058054D /* Controller */,
				02C3155E233AD21F0058054D /* View */,
				02C3155D233AD21B0058054D /* Model */,
				02C31536233AD10B0058054D /* Assets.xcassets */,
				02C31538233AD10B0058054D /* LaunchScreen.storyboard */,
				02C3153B233AD10B0058054D /* Info.plist */,
			);
			path = CGIA;
			sourceTree = "<group>";
		};
		02C31543233AD10B0058054D /* CGIATests */ = {
			isa = PBXGroup;
			children = (
				02C31544233AD10B0058054D /* CGIATests.swift */,
				02C31546233AD10B0058054D /* Info.plist */,
			);
			path = CGIATests;
			sourceTree = "<group>";
		};
		02C3154E233AD10B0058054D /* CGIAUITests */ = {
			isa = PBXGroup;
			children = (
				02C3154F233AD10B0058054D /* CGIAUITests.swift */,
				02C31551233AD10B0058054D /* Info.plist */,
			);
			path = CGIAUITests;
			sourceTree = "<group>";
		};
		02C3155D233AD21B0058054D /* Model */ = {
			isa = PBXGroup;
			children = (
				0294E082233ADD8800A5308C /* LoginAnswer.swift */,
				02C31560233AD2C40058054D /* ServerManager.swift */,
				02C31564233AD4980058054D /* Entidades */,
				02C3152D233AD1080058054D /* AppDelegate.swift */,
				02C3152F233AD1080058054D /* SceneDelegate.swift */,
			);
			path = Model;
			sourceTree = "<group>";
		};
		02C3155E233AD21F0058054D /* View */ = {
			isa = PBXGroup;
			children = (
				02C31533233AD1080058054D /* Main.storyboard */,
				0294E084233ADE6500A5308C /* Admin.storyboard */,
				0294E086233ADE7000A5308C /* Professor.storyboard */,
				0294E088233ADE7C00A5308C /* Aluno.storyboard */,
			);
			path = View;
			sourceTree = "<group>";
		};
		02C3155F233AD2240058054D /* Controller */ = {
			isa = PBXGroup;
			children = (
				0294E08C233AF26C00A5308C /* Admin */,
				02C31531233AD1080058054D /* LoginController.swift */,
			);
			path = Controller;
			sourceTree = "<group>";
		};
		02C31564233AD4980058054D /* Entidades */ = {
			isa = PBXGroup;
			children = (
				02C31586233AD9130058054D /* PeriodoEnum.swift */,
				02C3157D233AD5DD0058054D /* Users */,
				02C31565233AD4A60058054D /* Instituicao.swift */,
				02C31579233AD5CB0058054D /* Disciplina.swift */,
				02C3157E233AD5FE0058054D /* Turma.swift */,
				02C31582233AD6060058054D /* Nota.swift */,
				0294E091233AF89400A5308C /* DisplayableProtocol.swift */,
			);
			path = Entidades;
			sourceTree = "<group>";
		};
		02C3157D233AD5DD0058054D /* Users */ = {
			isa = PBXGroup;
			children = (
				02C3156D233AD4F90058054D /* Usuario.swift */,
				02C31569233AD4E80058054D /* Admin.swift */,
				02C31571233AD53C0058054D /* Aluno.swift */,
				02C31575233AD56F0058054D /* Professor.swift */,
			);
			path = Users;
			sourceTree = "<group>";
		};
/* End PBXGroup section */

/* Begin PBXNativeTarget section */
		02C31529233AD1080058054D /* CGIA */ = {
			isa = PBXNativeTarget;
			buildConfigurationList = 02C31554233AD10B0058054D /* Build configuration list for PBXNativeTarget "CGIA" */;
			buildPhases = (
				02C31526233AD1080058054D /* Sources */,
				02C31527233AD1080058054D /* Frameworks */,
				02C31528233AD1080058054D /* Resources */,
			);
			buildRules = (
			);
			dependencies = (
			);
			name = CGIA;
			productName = CGIA;
			productReference = 02C3152A233AD1080058054D /* CGIA.app */;
			productType = "com.apple.product-type.application";
		};
		02C3153F233AD10B0058054D /* CGIATests */ = {
			isa = PBXNativeTarget;
			buildConfigurationList = 02C31557233AD10B0058054D /* Build configuration list for PBXNativeTarget "CGIATests" */;
			buildPhases = (
				02C3153C233AD10B0058054D /* Sources */,
				02C3153D233AD10B0058054D /* Frameworks */,
				02C3153E233AD10B0058054D /* Resources */,
			);
			buildRules = (
			);
			dependencies = (
				02C31542233AD10B0058054D /* PBXTargetDependency */,
			);
			name = CGIATests;
			productName = CGIATests;
			productReference = 02C31540233AD10B0058054D /* CGIATests.xctest */;
			productType = "com.apple.product-type.bundle.unit-test";
		};
		02C3154A233AD10B0058054D /* CGIAUITests */ = {
			isa = PBXNativeTarget;
			buildConfigurationList = 02C3155A233AD10B0058054D /* Build configuration list for PBXNativeTarget "CGIAUITests" */;
			buildPhases = (
				02C31547233AD10B0058054D /* Sources */,
				02C31548233AD10B0058054D /* Frameworks */,
				02C31549233AD10B0058054D /* Resources */,
			);
			buildRules = (
			);
			dependencies = (
				02C3154D233AD10B0058054D /* PBXTargetDependency */,
			);
			name = CGIAUITests;
			productName = CGIAUITests;
			productReference = 02C3154B233AD10B0058054D /* CGIAUITests.xctest */;
			productType = "com.apple.product-type.bundle.ui-testing";
		};
/* End PBXNativeTarget section */

/* Begin PBXProject section */
		02C31522233AD1080058054D /* Project object */ = {
			isa = PBXProject;
			attributes = {
				LastSwiftUpdateCheck = 1100;
				LastUpgradeCheck = 1100;
				ORGANIZATIONNAME = "Pedro Giuliano Farina";
				TargetAttributes = {
					02C31529233AD1080058054D = {
						CreatedOnToolsVersion = 11.0;
					};
					02C3153F233AD10B0058054D = {
						CreatedOnToolsVersion = 11.0;
						TestTargetID = 02C31529233AD1080058054D;
					};
					02C3154A233AD10B0058054D = {
						CreatedOnToolsVersion = 11.0;
						TestTargetID = 02C31529233AD1080058054D;
					};
				};
			};
			buildConfigurationList = 02C31525233AD1080058054D /* Build configuration list for PBXProject "CGIA" */;
			compatibilityVersion = "Xcode 9.3";
			developmentRegion = en;
			hasScannedForEncodings = 0;
			knownRegions = (
				en,
				Base,
			);
			mainGroup = 02C31521233AD1080058054D;
			productRefGroup = 02C3152B233AD1080058054D /* Products */;
			projectDirPath = "";
			projectRoot = "";
			targets = (
				02C31529233AD1080058054D /* CGIA */,
				02C3153F233AD10B0058054D /* CGIATests */,
				02C3154A233AD10B0058054D /* CGIAUITests */,
			);
		};
/* End PBXProject section */

/* Begin PBXResourcesBuildPhase section */
		02C31528233AD1080058054D /* Resources */ = {
			isa = PBXResourcesBuildPhase;
			buildActionMask = 2147483647;
			files = (
				0294E085233ADE6500A5308C /* Admin.storyboard in Resources */,
				02C3153A233AD10B0058054D /* LaunchScreen.storyboard in Resources */,
				0294E089233ADE7C00A5308C /* Aluno.storyboard in Resources */,
				0294E087233ADE7000A5308C /* Professor.storyboard in Resources */,
				02C31537233AD10B0058054D /* Assets.xcassets in Resources */,
				02C31535233AD1080058054D /* Main.storyboard in Resources */,
			);
			runOnlyForDeploymentPostprocessing = 0;
		};
		02C3153E233AD10B0058054D /* Resources */ = {
			isa = PBXResourcesBuildPhase;
			buildActionMask = 2147483647;
			files = (
			);
			runOnlyForDeploymentPostprocessing = 0;
		};
		02C31549233AD10B0058054D /* Resources */ = {
			isa = PBXResourcesBuildPhase;
			buildActionMask = 2147483647;
			files = (
			);
			runOnlyForDeploymentPostprocessing = 0;
		};
/* End PBXResourcesBuildPhase section */

/* Begin PBXSourcesBuildPhase section */
		02C31526233AD1080058054D /* Sources */ = {
			isa = PBXSourcesBuildPhase;
			buildActionMask = 2147483647;
			files = (
				02C31587233AD9130058054D /* PeriodoEnum.swift in Sources */,
				02C31566233AD4A60058054D /* Instituicao.swift in Sources */,
				02C31576233AD56F0058054D /* Professor.swift in Sources */,
				02C3156A233AD4E80058054D /* Admin.swift in Sources */,
				02C3156E233AD4F90058054D /* Usuario.swift in Sources */,
				0294E092233AF89400A5308C /* DisplayableProtocol.swift in Sources */,
				02C31561233AD2C40058054D /* ServerManager.swift in Sources */,
				02C3157A233AD5CB0058054D /* Disciplina.swift in Sources */,
				02C3157F233AD5FE0058054D /* Turma.swift in Sources */,
				02C31532233AD1080058054D /* LoginController.swift in Sources */,
				0294E08E233AF28E00A5308C /* EntityShowerTableViewController.swift in Sources */,
				02C31572233AD53C0058054D /* Aluno.swift in Sources */,
				02C3152E233AD1080058054D /* AppDelegate.swift in Sources */,
				02C31530233AD1080058054D /* SceneDelegate.swift in Sources */,
				0294E090233AF65C00A5308C /* EntitySelectionTableViewController.swift in Sources */,
				02C31583233AD6060058054D /* Nota.swift in Sources */,
				0294E083233ADD8800A5308C /* LoginAnswer.swift in Sources */,
			);
			runOnlyForDeploymentPostprocessing = 0;
		};
		02C3153C233AD10B0058054D /* Sources */ = {
			isa = PBXSourcesBuildPhase;
			buildActionMask = 2147483647;
			files = (
				02C31577233AD56F0058054D /* Professor.swift in Sources */,
				02C31567233AD4A60058054D /* Instituicao.swift in Sources */,
				02C31562233AD2C40058054D /* ServerManager.swift in Sources */,
				02C3157B233AD5CB0058054D /* Disciplina.swift in Sources */,
				0294E093233AF89B00A5308C /* DisplayableProtocol.swift in Sources */,
				02C31588233AD9130058054D /* PeriodoEnum.swift in Sources */,
				02C31545233AD10B0058054D /* CGIATests.swift in Sources */,
				02C31584233AD6060058054D /* Nota.swift in Sources */,
				02C31573233AD53C0058054D /* Aluno.swift in Sources */,
				02C3156F233AD4F90058054D /* Usuario.swift in Sources */,
				0294E08A233AEE4400A5308C /* LoginAnswer.swift in Sources */,
				02C3156B233AD4E80058054D /* Admin.swift in Sources */,
				02C31580233AD5FE0058054D /* Turma.swift in Sources */,
			);
			runOnlyForDeploymentPostprocessing = 0;
		};
		02C31547233AD10B0058054D /* Sources */ = {
			isa = PBXSourcesBuildPhase;
			buildActionMask = 2147483647;
			files = (
				02C31578233AD56F0058054D /* Professor.swift in Sources */,
				02C31568233AD4A60058054D /* Instituicao.swift in Sources */,
				02C31563233AD2C40058054D /* ServerManager.swift in Sources */,
				02C3157C233AD5CB0058054D /* Disciplina.swift in Sources */,
				0294E094233AF89B00A5308C /* DisplayableProtocol.swift in Sources */,
				02C31589233AD9130058054D /* PeriodoEnum.swift in Sources */,
				02C31550233AD10B0058054D /* CGIAUITests.swift in Sources */,
				02C31585233AD6060058054D /* Nota.swift in Sources */,
				02C31574233AD53C0058054D /* Aluno.swift in Sources */,
				02C31570233AD4F90058054D /* Usuario.swift in Sources */,
				0294E08B233AEE4500A5308C /* LoginAnswer.swift in Sources */,
				02C3156C233AD4E80058054D /* Admin.swift in Sources */,
				02C31581233AD5FE0058054D /* Turma.swift in Sources */,
			);
			runOnlyForDeploymentPostprocessing = 0;
		};
/* End PBXSourcesBuildPhase section */

/* Begin PBXTargetDependency section */
		02C31542233AD10B0058054D /* PBXTargetDependency */ = {
			isa = PBXTargetDependency;
			target = 02C31529233AD1080058054D /* CGIA */;
			targetProxy = 02C31541233AD10B0058054D /* PBXContainerItemProxy */;
		};
		02C3154D233AD10B0058054D /* PBXTargetDependency */ = {
			isa = PBXTargetDependency;
			target = 02C31529233AD1080058054D /* CGIA */;
			targetProxy = 02C3154C233AD10B0058054D /* PBXContainerItemProxy */;
		};
/* End PBXTargetDependency section */

/* Begin PBXVariantGroup section */
		02C31533233AD1080058054D /* Main.storyboard */ = {
			isa = PBXVariantGroup;
			children = (
				02C31534233AD1080058054D /* Base */,
			);
			name = Main.storyboard;
			sourceTree = "<group>";
		};
		02C31538233AD10B0058054D /* LaunchScreen.storyboard */ = {
			isa = PBXVariantGroup;
			children = (
				02C31539233AD10B0058054D /* Base */,
			);
			name = LaunchScreen.storyboard;
			sourceTree = "<group>";
		};
/* End PBXVariantGroup section */

/* Begin XCBuildConfiguration section */
		02C31552233AD10B0058054D /* Debug */ = {
			isa = XCBuildConfiguration;
			buildSettings = {
				ALWAYS_SEARCH_USER_PATHS = NO;
				CLANG_ANALYZER_NONNULL = YES;
				CLANG_ANALYZER_NUMBER_OBJECT_CONVERSION = YES_AGGRESSIVE;
				CLANG_CXX_LANGUAGE_STANDARD = "gnu++14";
				CLANG_CXX_LIBRARY = "libc++";
				CLANG_ENABLE_MODULES = YES;
				CLANG_ENABLE_OBJC_ARC = YES;
				CLANG_ENABLE_OBJC_WEAK = YES;
				CLANG_WARN_BLOCK_CAPTURE_AUTORELEASING = YES;
				CLANG_WARN_BOOL_CONVERSION = YES;
				CLANG_WARN_COMMA = YES;
				CLANG_WARN_CONSTANT_CONVERSION = YES;
				CLANG_WARN_DEPRECATED_OBJC_IMPLEMENTATIONS = YES;
				CLANG_WARN_DIRECT_OBJC_ISA_USAGE = YES_ERROR;
				CLANG_WARN_DOCUMENTATION_COMMENTS = YES;
				CLANG_WARN_EMPTY_BODY = YES;
				CLANG_WARN_ENUM_CONVERSION = YES;
				CLANG_WARN_INFINITE_RECURSION = YES;
				CLANG_WARN_INT_CONVERSION = YES;
				CLANG_WARN_NON_LITERAL_NULL_CONVERSION = YES;
				CLANG_WARN_OBJC_IMPLICIT_RETAIN_SELF = YES;
				CLANG_WARN_OBJC_LITERAL_CONVERSION = YES;
				CLANG_WARN_OBJC_ROOT_CLASS = YES_ERROR;
				CLANG_WARN_RANGE_LOOP_ANALYSIS = YES;
				CLANG_WARN_STRICT_PROTOTYPES = YES;
				CLANG_WARN_SUSPICIOUS_MOVE = YES;
				CLANG_WARN_UNGUARDED_AVAILABILITY = YES_AGGRESSIVE;
				CLANG_WARN_UNREACHABLE_CODE = YES;
				CLANG_WARN__DUPLICATE_METHOD_MATCH = YES;
				COPY_PHASE_STRIP = NO;
				DEBUG_INFORMATION_FORMAT = dwarf;
				ENABLE_STRICT_OBJC_MSGSEND = YES;
				ENABLE_TESTABILITY = YES;
				GCC_C_LANGUAGE_STANDARD = gnu11;
				GCC_DYNAMIC_NO_PIC = NO;
				GCC_NO_COMMON_BLOCKS = YES;
				GCC_OPTIMIZATION_LEVEL = 0;
				GCC_PREPROCESSOR_DEFINITIONS = (
					"DEBUG=1",
					"$(inherited)",
				);
				GCC_WARN_64_TO_32_BIT_CONVERSION = YES;
				GCC_WARN_ABOUT_RETURN_TYPE = YES_ERROR;
				GCC_WARN_UNDECLARED_SELECTOR = YES;
				GCC_WARN_UNINITIALIZED_AUTOS = YES_AGGRESSIVE;
				GCC_WARN_UNUSED_FUNCTION = YES;
				GCC_WARN_UNUSED_VARIABLE = YES;
				IPHONEOS_DEPLOYMENT_TARGET = 13.0;
				MTL_ENABLE_DEBUG_INFO = INCLUDE_SOURCE;
				MTL_FAST_MATH = YES;
				ONLY_ACTIVE_ARCH = YES;
				SDKROOT = iphoneos;
				SWIFT_ACTIVE_COMPILATION_CONDITIONS = DEBUG;
				SWIFT_OPTIMIZATION_LEVEL = "-Onone";
			};
			name = Debug;
		};
		02C31553233AD10B0058054D /* Release */ = {
			isa = XCBuildConfiguration;
			buildSettings = {
				ALWAYS_SEARCH_USER_PATHS = NO;
				CLANG_ANALYZER_NONNULL = YES;
				CLANG_ANALYZER_NUMBER_OBJECT_CONVERSION = YES_AGGRESSIVE;
				CLANG_CXX_LANGUAGE_STANDARD = "gnu++14";
				CLANG_CXX_LIBRARY = "libc++";
				CLANG_ENABLE_MODULES = YES;
				CLANG_ENABLE_OBJC_ARC = YES;
				CLANG_ENABLE_OBJC_WEAK = YES;
				CLANG_WARN_BLOCK_CAPTURE_AUTORELEASING = YES;
				CLANG_WARN_BOOL_CONVERSION = YES;
				CLANG_WARN_COMMA = YES;
				CLANG_WARN_CONSTANT_CONVERSION = YES;
				CLANG_WARN_DEPRECATED_OBJC_IMPLEMENTATIONS = YES;
				CLANG_WARN_DIRECT_OBJC_ISA_USAGE = YES_ERROR;
				CLANG_WARN_DOCUMENTATION_COMMENTS = YES;
				CLANG_WARN_EMPTY_BODY = YES;
				CLANG_WARN_ENUM_CONVERSION = YES;
				CLANG_WARN_INFINITE_RECURSION = YES;
				CLANG_WARN_INT_CONVERSION = YES;
				CLANG_WARN_NON_LITERAL_NULL_CONVERSION = YES;
				CLANG_WARN_OBJC_IMPLICIT_RETAIN_SELF = YES;
				CLANG_WARN_OBJC_LITERAL_CONVERSION = YES;
				CLANG_WARN_OBJC_ROOT_CLASS = YES_ERROR;
				CLANG_WARN_RANGE_LOOP_ANALYSIS = YES;
				CLANG_WARN_STRICT_PROTOTYPES = YES;
				CLANG_WARN_SUSPICIOUS_MOVE = YES;
				CLANG_WARN_UNGUARDED_AVAILABILITY = YES_AGGRESSIVE;
				CLANG_WARN_UNREACHABLE_CODE = YES;
				CLANG_WARN__DUPLICATE_METHOD_MATCH = YES;
				COPY_PHASE_STRIP = NO;
				DEBUG_INFORMATION_FORMAT = "dwarf-with-dsym";
				ENABLE_NS_ASSERTIONS = NO;
				ENABLE_STRICT_OBJC_MSGSEND = YES;
				GCC_C_LANGUAGE_STANDARD = gnu11;
				GCC_NO_COMMON_BLOCKS = YES;
				GCC_WARN_64_TO_32_BIT_CONVERSION = YES;
				GCC_WARN_ABOUT_RETURN_TYPE = YES_ERROR;
				GCC_WARN_UNDECLARED_SELECTOR = YES;
				GCC_WARN_UNINITIALIZED_AUTOS = YES_AGGRESSIVE;
				GCC_WARN_UNUSED_FUNCTION = YES;
				GCC_WARN_UNUSED_VARIABLE = YES;
				IPHONEOS_DEPLOYMENT_TARGET = 13.0;
				MTL_ENABLE_DEBUG_INFO = NO;
				MTL_FAST_MATH = YES;
				SDKROOT = iphoneos;
				SWIFT_COMPILATION_MODE = wholemodule;
				SWIFT_OPTIMIZATION_LEVEL = "-O";
				VALIDATE_PRODUCT = YES;
			};
			name = Release;
		};
		02C31555233AD10B0058054D /* Debug */ = {
			isa = XCBuildConfiguration;
			buildSettings = {
				ASSETCATALOG_COMPILER_APPICON_NAME = AppIcon;
				CODE_SIGN_STYLE = Automatic;
				DEVELOPMENT_TEAM = BVZY57RJZG;
				INFOPLIST_FILE = CGIA/Info.plist;
				LD_RUNPATH_SEARCH_PATHS = (
					"$(inherited)",
					"@executable_path/Frameworks",
				);
				PRODUCT_BUNDLE_IDENTIFIER = PGF.CGIA;
				PRODUCT_NAME = "$(TARGET_NAME)";
				SWIFT_VERSION = 5.0;
				TARGETED_DEVICE_FAMILY = "1,2";
			};
			name = Debug;
		};
		02C31556233AD10B0058054D /* Release */ = {
			isa = XCBuildConfiguration;
			buildSettings = {
				ASSETCATALOG_COMPILER_APPICON_NAME = AppIcon;
				CODE_SIGN_STYLE = Automatic;
				DEVELOPMENT_TEAM = BVZY57RJZG;
				INFOPLIST_FILE = CGIA/Info.plist;
				LD_RUNPATH_SEARCH_PATHS = (
					"$(inherited)",
					"@executable_path/Frameworks",
				);
				PRODUCT_BUNDLE_IDENTIFIER = PGF.CGIA;
				PRODUCT_NAME = "$(TARGET_NAME)";
				SWIFT_VERSION = 5.0;
				TARGETED_DEVICE_FAMILY = "1,2";
			};
			name = Release;
		};
		02C31558233AD10B0058054D /* Debug */ = {
			isa = XCBuildConfiguration;
			buildSettings = {
				ALWAYS_EMBED_SWIFT_STANDARD_LIBRARIES = YES;
				BUNDLE_LOADER = "$(TEST_HOST)";
				CODE_SIGN_STYLE = Automatic;
				DEVELOPMENT_TEAM = BVZY57RJZG;
				INFOPLIST_FILE = CGIATests/Info.plist;
				IPHONEOS_DEPLOYMENT_TARGET = 13.0;
				LD_RUNPATH_SEARCH_PATHS = (
					"$(inherited)",
					"@executable_path/Frameworks",
					"@loader_path/Frameworks",
				);
				PRODUCT_BUNDLE_IDENTIFIER = PGF.CGIATests;
				PRODUCT_NAME = "$(TARGET_NAME)";
				SWIFT_VERSION = 5.0;
				TARGETED_DEVICE_FAMILY = "1,2";
				TEST_HOST = "$(BUILT_PRODUCTS_DIR)/CGIA.app/CGIA";
			};
			name = Debug;
		};
		02C31559233AD10B0058054D /* Release */ = {
			isa = XCBuildConfiguration;
			buildSettings = {
				ALWAYS_EMBED_SWIFT_STANDARD_LIBRARIES = YES;
				BUNDLE_LOADER = "$(TEST_HOST)";
				CODE_SIGN_STYLE = Automatic;
				DEVELOPMENT_TEAM = BVZY57RJZG;
				INFOPLIST_FILE = CGIATests/Info.plist;
				IPHONEOS_DEPLOYMENT_TARGET = 13.0;
				LD_RUNPATH_SEARCH_PATHS = (
					"$(inherited)",
					"@executable_path/Frameworks",
					"@loader_path/Frameworks",
				);
				PRODUCT_BUNDLE_IDENTIFIER = PGF.CGIATests;
				PRODUCT_NAME = "$(TARGET_NAME)";
				SWIFT_VERSION = 5.0;
				TARGETED_DEVICE_FAMILY = "1,2";
				TEST_HOST = "$(BUILT_PRODUCTS_DIR)/CGIA.app/CGIA";
			};
			name = Release;
		};
		02C3155B233AD10B0058054D /* Debug */ = {
			isa = XCBuildConfiguration;
			buildSettings = {
				ALWAYS_EMBED_SWIFT_STANDARD_LIBRARIES = YES;
				CODE_SIGN_STYLE = Automatic;
				DEVELOPMENT_TEAM = BVZY57RJZG;
				INFOPLIST_FILE = CGIAUITests/Info.plist;
				LD_RUNPATH_SEARCH_PATHS = (
					"$(inherited)",
					"@executable_path/Frameworks",
					"@loader_path/Frameworks",
				);
				PRODUCT_BUNDLE_IDENTIFIER = PGF.CGIAUITests;
				PRODUCT_NAME = "$(TARGET_NAME)";
				SWIFT_VERSION = 5.0;
				TARGETED_DEVICE_FAMILY = "1,2";
				TEST_TARGET_NAME = CGIA;
			};
			name = Debug;
		};
		02C3155C233AD10B0058054D /* Release */ = {
			isa = XCBuildConfiguration;
			buildSettings = {
				ALWAYS_EMBED_SWIFT_STANDARD_LIBRARIES = YES;
				CODE_SIGN_STYLE = Automatic;
				DEVELOPMENT_TEAM = BVZY57RJZG;
				INFOPLIST_FILE = CGIAUITests/Info.plist;
				LD_RUNPATH_SEARCH_PATHS = (
					"$(inherited)",
					"@executable_path/Frameworks",
					"@loader_path/Frameworks",
				);
				PRODUCT_BUNDLE_IDENTIFIER = PGF.CGIAUITests;
				PRODUCT_NAME = "$(TARGET_NAME)";
				SWIFT_VERSION = 5.0;
				TARGETED_DEVICE_FAMILY = "1,2";
				TEST_TARGET_NAME = CGIA;
			};
			name = Release;
		};
/* End XCBuildConfiguration section */

/* Begin XCConfigurationList section */
		02C31525233AD1080058054D /* Build configuration list for PBXProject "CGIA" */ = {
			isa = XCConfigurationList;
			buildConfigurations = (
				02C31552233AD10B0058054D /* Debug */,
				02C31553233AD10B0058054D /* Release */,
			);
			defaultConfigurationIsVisible = 0;
			defaultConfigurationName = Release;
		};
		02C31554233AD10B0058054D /* Build configuration list for PBXNativeTarget "CGIA" */ = {
			isa = XCConfigurationList;
			buildConfigurations = (
				02C31555233AD10B0058054D /* Debug */,
				02C31556233AD10B0058054D /* Release */,
			);
			defaultConfigurationIsVisible = 0;
			defaultConfigurationName = Release;
		};
		02C31557233AD10B0058054D /* Build configuration list for PBXNativeTarget "CGIATests" */ = {
			isa = XCConfigurationList;
			buildConfigurations = (
				02C31558233AD10B0058054D /* Debug */,
				02C31559233AD10B0058054D /* Release */,
			);
			defaultConfigurationIsVisible = 0;
			defaultConfigurationName = Release;
		};
		02C3155A233AD10B0058054D /* Build configuration list for PBXNativeTarget "CGIAUITests" */ = {
			isa = XCConfigurationList;
			buildConfigurations = (
				02C3155B233AD10B0058054D /* Debug */,
				02C3155C233AD10B0058054D /* Release */,
			);
			defaultConfigurationIsVisible = 0;
			defaultConfigurationName = Release;
		};
/* End XCConfigurationList section */
	};
	rootObject = 02C31522233AD1080058054D /* Project object */;
}
